
Microsoft Visual Studio Solution File, Format Version 12.00
# Visual Studio Version 17
VisualStudioVersion = 17.2.32630.192
MinimumVisualStudioVersion = 10.0.40219.1
Project("{FAE04EC0-301F-11D3-BF4B-00C04F79EFBC}") = "BankFormWeb", "BankFormWeb\BankFormWeb.csproj", "{113BD29C-F0A4-4EBE-B269-9F09C093E782}"
EndProject
Global
	GlobalSection(SolutionConfigurationPlatforms) = preSolution
		Debug|Any CPU = Debug|Any CPU
		Release|Any CPU = Release|Any CPU
	EndGlobalSection
	GlobalSection(ProjectConfigurationPlatforms) = postSolution
		{113BD29C-F0A4-4EBE-B269-9F09C093E782}.Debug|Any CPU.ActiveCfg = Debug|Any CPU
		{113BD29C-F0A4-4EBE-B269-9F09C093E782}.Debug|Any CPU.Build.0 = Debug|Any CPU
		{113BD29C-F0A4-4EBE-B269-9F09C093E782}.Release|Any CPU.ActiveCfg = Release|Any CPU
		{113BD29C-F0A4-4EBE-B269-9F09C093E782}.Release|Any CPU.Build.0 = Release|Any CPU
	EndGlobalSection
	GlobalSection(SolutionProperties) = preSolution
		HideSolutionNode = FALSE
	EndGlobalSection
	GlobalSection(ExtensibilityGlobals) = postSolution
		SolutionGuid = {02249A25-8764-4E29-9E1C-B0A54EA43305}
	EndGlobalSection
EndGlobal
